
Microsoft Visual Studio Solution File, Format Version 12.00
# Visual Studio Version 17
VisualStudioVersion = 17.13.35825.156 d17.13
MinimumVisualStudioVersion = 10.0.40219.1
Project("{FAE04EC0-301F-11D3-BF4B-00C04F79EFBC}") = "Matrix2dLib", "Matrix2dLib\Matrix2dLib.csproj", "{1B19ABED-14DF-4608-AFEA-0743CC8AD872}"
EndProject
Project("{FAE04EC0-301F-11D3-BF4B-00C04F79EFBC}") = "Matrix2dTest", "Matrix2dTest\Matrix2dTest.csproj", "{59F68F6C-FDA4-494F-BCC7-9FCA823DE1FF}"
EndProject
Project("{FAE04EC0-301F-11D3-BF4B-00C04F79EFBC}") = "Matrix2dConsoleApp", "Matrix2dConsoleApp\Matrix2dConsoleApp.csproj", "{0713551E-54C2-420A-BA32-0A68FC97144C}"
EndProject
Global
	GlobalSection(SolutionConfigurationPlatforms) = preSolution
		Debug|Any CPU = Debug|Any CPU
		Release|Any CPU = Release|Any CPU
	EndGlobalSection
	GlobalSection(ProjectConfigurationPlatforms) = postSolution
		{1B19ABED-14DF-4608-AFEA-0743CC8AD872}.Debug|Any CPU.ActiveCfg = Debug|Any CPU
		{1B19ABED-14DF-4608-AFEA-0743CC8AD872}.Debug|Any CPU.Build.0 = Debug|Any CPU
		{1B19ABED-14DF-4608-AFEA-0743CC8AD872}.Release|Any CPU.ActiveCfg = Release|Any CPU
		{1B19ABED-14DF-4608-AFEA-0743CC8AD872}.Release|Any CPU.Build.0 = Release|Any CPU
		{59F68F6C-FDA4-494F-BCC7-9FCA823DE1FF}.Debug|Any CPU.ActiveCfg = Debug|Any CPU
		{59F68F6C-FDA4-494F-BCC7-9FCA823DE1FF}.Debug|Any CPU.Build.0 = Debug|Any CPU
		{59F68F6C-FDA4-494F-BCC7-9FCA823DE1FF}.Release|Any CPU.ActiveCfg = Release|Any CPU
		{59F68F6C-FDA4-494F-BCC7-9FCA823DE1FF}.Release|Any CPU.Build.0 = Release|Any CPU
		{0713551E-54C2-420A-BA32-0A68FC97144C}.Debug|Any CPU.ActiveCfg = Debug|Any CPU
		{0713551E-54C2-420A-BA32-0A68FC97144C}.Debug|Any CPU.Build.0 = Debug|Any CPU
		{0713551E-54C2-420A-BA32-0A68FC97144C}.Release|Any CPU.ActiveCfg = Release|Any CPU
		{0713551E-54C2-420A-BA32-0A68FC97144C}.Release|Any CPU.Build.0 = Release|Any CPU
	EndGlobalSection
	GlobalSection(SolutionProperties) = preSolution
		HideSolutionNode = FALSE
	EndGlobalSection
	GlobalSection(ExtensibilityGlobals) = postSolution
		SolutionGuid = {8570BFD0-BD39-4B59-917A-6AAE6F859E85}
	EndGlobalSection
EndGlobal
